
Microsoft Visual Studio Solution File, Format Version 12.00
# Visual Studio Version 16
VisualStudioVersion = 16.0.29519.87
MinimumVisualStudioVersion = 10.0.40219.1
Project("{9A19103F-16F7-4668-BE54-9A1E7A4F7556}") = "API", "API\API.csproj", "{9E267180-59BD-4612-99DF-63584A0A760D}"
EndProject
Project("{9A19103F-16F7-4668-BE54-9A1E7A4F7556}") = "EventSource", "EventSource\EventSource.csproj", "{6D5D00AD-BE62-4343-8789-E2DA1CA0B930}"
EndProject
Global
	GlobalSection(SolutionConfigurationPlatforms) = preSolution
		Debug|Any CPU = Debug|Any CPU
		Release|Any CPU = Release|Any CPU
	EndGlobalSection
	GlobalSection(ProjectConfigurationPlatforms) = postSolution
		{9E267180-59BD-4612-99DF-63584A0A760D}.Debug|Any CPU.ActiveCfg = Debug|Any CPU
		{9E267180-59BD-4612-99DF-63584A0A760D}.Debug|Any CPU.Build.0 = Debug|Any CPU
		{9E267180-59BD-4612-99DF-63584A0A760D}.Release|Any CPU.ActiveCfg = Release|Any CPU
		{9E267180-59BD-4612-99DF-63584A0A760D}.Release|Any CPU.Build.0 = Release|Any CPU
		{6D5D00AD-BE62-4343-8789-E2DA1CA0B930}.Debug|Any CPU.ActiveCfg = Debug|Any CPU
		{6D5D00AD-BE62-4343-8789-E2DA1CA0B930}.Debug|Any CPU.Build.0 = Debug|Any CPU
		{6D5D00AD-BE62-4343-8789-E2DA1CA0B930}.Release|Any CPU.ActiveCfg = Release|Any CPU
		{6D5D00AD-BE62-4343-8789-E2DA1CA0B930}.Release|Any CPU.Build.0 = Release|Any CPU
	EndGlobalSection
	GlobalSection(SolutionProperties) = preSolution
		HideSolutionNode = FALSE
	EndGlobalSection
	GlobalSection(ExtensibilityGlobals) = postSolution
		SolutionGuid = {F8A84BC3-ADA1-40CB-B67C-FC21F438CF12}
	EndGlobalSection
EndGlobal
